
Microsoft Visual Studio Solution File, Format Version 12.00
# Visual Studio Version 16
VisualStudioVersion = 16.0.30717.126
MinimumVisualStudioVersion = 10.0.40219.1
Project("{FAE04EC0-301F-11D3-BF4B-00C04F79EFBC}") = "Dierentuin", "Dierentuin\Dierentuin.csproj", "{AC57EEE2-BC52-47A4-87C8-8ED660F6A82A}"
EndProject
Global
	GlobalSection(SolutionConfigurationPlatforms) = preSolution
		Debug|Any CPU = Debug|Any CPU
		Release|Any CPU = Release|Any CPU
	EndGlobalSection
	GlobalSection(ProjectConfigurationPlatforms) = postSolution
		{AC57EEE2-BC52-47A4-87C8-8ED660F6A82A}.Debug|Any CPU.ActiveCfg = Debug|Any CPU
		{AC57EEE2-BC52-47A4-87C8-8ED660F6A82A}.Debug|Any CPU.Build.0 = Debug|Any CPU
		{AC57EEE2-BC52-47A4-87C8-8ED660F6A82A}.Release|Any CPU.ActiveCfg = Release|Any CPU
		{AC57EEE2-BC52-47A4-87C8-8ED660F6A82A}.Release|Any CPU.Build.0 = Release|Any CPU
	EndGlobalSection
	GlobalSection(SolutionProperties) = preSolution
		HideSolutionNode = FALSE
	EndGlobalSection
	GlobalSection(ExtensibilityGlobals) = postSolution
		SolutionGuid = {27800B72-60B0-47EC-93C1-6F16A6C42952}
	EndGlobalSection
EndGlobal
